// !$*UTF8*$!
{
	archiveVersion = 1;
	classes = {
	};
	objectVersion = 46;
	objects = {

/* Begin PBXBuildFile section */
		0A0617FB6E21BFB6331DEE73 /* SystemConfiguration.framework in Frameworks */ = {isa = PBXBuildFile; fileRef = 90178EBAAF10C8DA6E98E396 /* SystemConfiguration.framework */; };
		1990A7A937AED416723CCB8C /* AssetsLibrary.framework in Frameworks */ = {isa = PBXBuildFile; fileRef = 97CDDE766E239D1DFF03DC9C /* AssetsLibrary.framework */; };
		31964E395C4E242C83B42C95 /* CoreTelephony.framework in Frameworks */ = {isa = PBXBuildFile; fileRef = DABEA6658834BC51D52DC9CB /* CoreTelephony.framework */; };
		5F93110AA70822EEE0A4582C /* CoreText.framework in Frameworks */ = {isa = PBXBuildFile; fileRef = 17A18DDCE8B390AD90B93197 /* CoreText.framework */; };
		613D87B03CE8382F3A826DAD /* AVFoundation.framework in Frameworks */ = {isa = PBXBuildFile; fileRef = C2BBCD3BCA47093620A06141 /* AVFoundation.framework */; };
		787E4433BF4250189DA24D0E /* QuartzCore.framework in Frameworks */ = {isa = PBXBuildFile; fileRef = 7416D61DB18E10DDF5BBC57D /* QuartzCore.framework */; };
		7C1DA181BE7050EE9AC2C130 /* BuddyBuildSDK.framework in Frameworks */ = {isa = PBXBuildFile; fileRef = 651812606C84EA57F0FB1892 /* BuddyBuildSDK.framework */; };
		96780CC11E0DDF7E0076E57F /* AppDelegate.swift in Sources */ = {isa = PBXBuildFile; fileRef = 96780CC01E0DDF7E0076E57F /* AppDelegate.swift */; };
		96780CC31E0DDF7E0076E57F /* ViewController.swift in Sources */ = {isa = PBXBuildFile; fileRef = 96780CC21E0DDF7E0076E57F /* ViewController.swift */; };
		96780CC61E0DDF7E0076E57F /* Main.storyboard in Resources */ = {isa = PBXBuildFile; fileRef = 96780CC41E0DDF7E0076E57F /* Main.storyboard */; };
		96780CC81E0DDF7E0076E57F /* Assets.xcassets in Resources */ = {isa = PBXBuildFile; fileRef = 96780CC71E0DDF7E0076E57F /* Assets.xcassets */; };
		96780CCB1E0DDF7E0076E57F /* LaunchScreen.storyboard in Resources */ = {isa = PBXBuildFile; fileRef = 96780CC91E0DDF7E0076E57F /* LaunchScreen.storyboard */; };
		96780CEF1E0EBBF80076E57F /* MonthYearPicker.swift in Sources */ = {isa = PBXBuildFile; fileRef = 96780CEE1E0EBBF80076E57F /* MonthYearPicker.swift */; };
		96780CF11E0EBC7C0076E57F /* SettingsTableViewController.swift in Sources */ = {isa = PBXBuildFile; fileRef = 96780CF01E0EBC7C0076E57F /* SettingsTableViewController.swift */; };
		B40A00EB8869044F23CB6CC7 /* CoreVideo.framework in Frameworks */ = {isa = PBXBuildFile; fileRef = 59C0404CFDEC43D4A925D46B /* CoreVideo.framework */; };
		BC79DD715F247B57B8FF5DF4 /* CoreMedia.framework in Frameworks */ = {isa = PBXBuildFile; fileRef = 6CE02F1C85245F704DE0CBC3 /* CoreMedia.framework */; };
		FAB19614CC7788FB20FFD032 /* Pods_Dopuni_Kredit.framework in Frameworks */ = {isa = PBXBuildFile; fileRef = F8DECE670855DF6B5DE2C28D /* Pods_Dopuni_Kredit.framework */; };
/* End PBXBuildFile section */

/* Begin PBXFileReference section */
		17A18DDCE8B390AD90B93197 /* CoreText.framework */ = {isa = PBXFileReference; lastKnownFileType = wrapper.framework; name = CoreText.framework; path = System/Library/Frameworks/CoreText.framework; sourceTree = SDKROOT; };
		1CD9E3D502E2D4BDB8246A85 /* Pods-Dopuni KreditUITests.debug.xcconfig */ = {isa = PBXFileReference; includeInIndex = 1; lastKnownFileType = text.xcconfig; name = "Pods-Dopuni KreditUITests.debug.xcconfig"; path = "Pods/Target Support Files/Pods-Dopuni KreditUITests/Pods-Dopuni KreditUITests.debug.xcconfig"; sourceTree = "<group>"; };
		59C0404CFDEC43D4A925D46B /* CoreVideo.framework */ = {isa = PBXFileReference; lastKnownFileType = wrapper.framework; name = CoreVideo.framework; path = System/Library/Frameworks/CoreVideo.framework; sourceTree = SDKROOT; };
		5B9C553CD8042A6E05B2F9E5 /* Pods-Dopuni KreditTests.release.xcconfig */ = {isa = PBXFileReference; includeInIndex = 1; lastKnownFileType = text.xcconfig; name = "Pods-Dopuni KreditTests.release.xcconfig"; path = "Pods/Target Support Files/Pods-Dopuni KreditTests/Pods-Dopuni KreditTests.release.xcconfig"; sourceTree = "<group>"; };
		651812606C84EA57F0FB1892 /* BuddyBuildSDK.framework */ = {isa = PBXFileReference; lastKnownFileType = wrapper.framework; path = BuddyBuildSDK.framework; sourceTree = "<group>"; };
		6687E45628DD05872FFF9F32 /* Pods_Dopuni_KreditUITests.framework */ = {isa = PBXFileReference; explicitFileType = wrapper.framework; includeInIndex = 0; path = Pods_Dopuni_KreditUITests.framework; sourceTree = BUILT_PRODUCTS_DIR; };
		6CE02F1C85245F704DE0CBC3 /* CoreMedia.framework */ = {isa = PBXFileReference; lastKnownFileType = wrapper.framework; name = CoreMedia.framework; path = System/Library/Frameworks/CoreMedia.framework; sourceTree = SDKROOT; };
		7416D61DB18E10DDF5BBC57D /* QuartzCore.framework */ = {isa = PBXFileReference; lastKnownFileType = wrapper.framework; name = QuartzCore.framework; path = System/Library/Frameworks/QuartzCore.framework; sourceTree = SDKROOT; };
		7A300B2277048C1F4187D986 /* Pods-Dopuni KreditUITests.release.xcconfig */ = {isa = PBXFileReference; includeInIndex = 1; lastKnownFileType = text.xcconfig; name = "Pods-Dopuni KreditUITests.release.xcconfig"; path = "Pods/Target Support Files/Pods-Dopuni KreditUITests/Pods-Dopuni KreditUITests.release.xcconfig"; sourceTree = "<group>"; };
		8B500FA27D8DEF6EC8C9C3BA /* Pods-Dopuni Kredit.release.xcconfig */ = {isa = PBXFileReference; includeInIndex = 1; lastKnownFileType = text.xcconfig; name = "Pods-Dopuni Kredit.release.xcconfig"; path = "Pods/Target Support Files/Pods-Dopuni Kredit/Pods-Dopuni Kredit.release.xcconfig"; sourceTree = "<group>"; };
		90178EBAAF10C8DA6E98E396 /* SystemConfiguration.framework */ = {isa = PBXFileReference; lastKnownFileType = wrapper.framework; name = SystemConfiguration.framework; path = System/Library/Frameworks/SystemConfiguration.framework; sourceTree = SDKROOT; };
		96780CBD1E0DDF7E0076E57F /* Dopuni Kredit.app */ = {isa = PBXFileReference; explicitFileType = wrapper.application; includeInIndex = 0; path = "Dopuni Kredit.app"; sourceTree = BUILT_PRODUCTS_DIR; };
		96780CC01E0DDF7E0076E57F /* AppDelegate.swift */ = {isa = PBXFileReference; lastKnownFileType = sourcecode.swift; path = AppDelegate.swift; sourceTree = "<group>"; };
		96780CC21E0DDF7E0076E57F /* ViewController.swift */ = {isa = PBXFileReference; lastKnownFileType = sourcecode.swift; path = ViewController.swift; sourceTree = "<group>"; };
		96780CC51E0DDF7E0076E57F /* Base */ = {isa = PBXFileReference; lastKnownFileType = file.storyboard; name = Base; path = Base.lproj/Main.storyboard; sourceTree = "<group>"; };
		96780CC71E0DDF7E0076E57F /* Assets.xcassets */ = {isa = PBXFileReference; lastKnownFileType = folder.assetcatalog; path = Assets.xcassets; sourceTree = "<group>"; };
		96780CCA1E0DDF7E0076E57F /* Base */ = {isa = PBXFileReference; lastKnownFileType = file.storyboard; name = Base; path = Base.lproj/LaunchScreen.storyboard; sourceTree = "<group>"; };
		96780CCC1E0DDF7E0076E57F /* Info.plist */ = {isa = PBXFileReference; lastKnownFileType = text.plist.xml; path = Info.plist; sourceTree = "<group>"; };
		96780CD51E0DDF7F0076E57F /* Dopuni_KreditTests.swift */ = {isa = PBXFileReference; lastKnownFileType = sourcecode.swift; path = Dopuni_KreditTests.swift; sourceTree = "<group>"; };
		96780CD71E0DDF7F0076E57F /* Info.plist */ = {isa = PBXFileReference; lastKnownFileType = text.plist.xml; path = Info.plist; sourceTree = "<group>"; };
		96780CE01E0DDF7F0076E57F /* Dopuni_KreditUITests.swift */ = {isa = PBXFileReference; lastKnownFileType = sourcecode.swift; path = Dopuni_KreditUITests.swift; sourceTree = "<group>"; };
		96780CE21E0DDF7F0076E57F /* Info.plist */ = {isa = PBXFileReference; lastKnownFileType = text.plist.xml; path = Info.plist; sourceTree = "<group>"; };
		96780CEE1E0EBBF80076E57F /* MonthYearPicker.swift */ = {isa = PBXFileReference; fileEncoding = 4; lastKnownFileType = sourcecode.swift; path = MonthYearPicker.swift; sourceTree = "<group>"; };
		96780CF01E0EBC7C0076E57F /* SettingsTableViewController.swift */ = {isa = PBXFileReference; fileEncoding = 4; lastKnownFileType = sourcecode.swift; path = SettingsTableViewController.swift; sourceTree = "<group>"; };
		96780CF21E0ED8F30076E57F /* Dopuni Kredit.entitlements */ = {isa = PBXFileReference; lastKnownFileType = text.plist.entitlements; path = "Dopuni Kredit.entitlements"; sourceTree = "<group>"; };
		97CDDE766E239D1DFF03DC9C /* AssetsLibrary.framework */ = {isa = PBXFileReference; lastKnownFileType = wrapper.framework; name = AssetsLibrary.framework; path = System/Library/Frameworks/AssetsLibrary.framework; sourceTree = SDKROOT; };
		BC415D1561547B5C37430BCE /* Pods_Dopuni_KreditTests.framework */ = {isa = PBXFileReference; explicitFileType = wrapper.framework; includeInIndex = 0; path = Pods_Dopuni_KreditTests.framework; sourceTree = BUILT_PRODUCTS_DIR; };
		C2BBCD3BCA47093620A06141 /* AVFoundation.framework */ = {isa = PBXFileReference; lastKnownFileType = wrapper.framework; name = AVFoundation.framework; path = System/Library/Frameworks/AVFoundation.framework; sourceTree = SDKROOT; };
		C5749696EF48B7FAA2E18E10 /* Pods-Dopuni KreditTests.debug.xcconfig */ = {isa = PBXFileReference; includeInIndex = 1; lastKnownFileType = text.xcconfig; name = "Pods-Dopuni KreditTests.debug.xcconfig"; path = "Pods/Target Support Files/Pods-Dopuni KreditTests/Pods-Dopuni KreditTests.debug.xcconfig"; sourceTree = "<group>"; };
		D666F5496791EBB96ACBAAD5 /* Bridging-Header.h */ = {isa = PBXFileReference; includeInIndex = 1; lastKnownFileType = sourcecode.c.h; path = "Bridging-Header.h"; sourceTree = "<group>"; };
		DABEA6658834BC51D52DC9CB /* CoreTelephony.framework */ = {isa = PBXFileReference; lastKnownFileType = wrapper.framework; name = CoreTelephony.framework; path = System/Library/Frameworks/CoreTelephony.framework; sourceTree = SDKROOT; };
		F8DECE670855DF6B5DE2C28D /* Pods_Dopuni_Kredit.framework */ = {isa = PBXFileReference; explicitFileType = wrapper.framework; includeInIndex = 0; path = Pods_Dopuni_Kredit.framework; sourceTree = BUILT_PRODUCTS_DIR; };
		FFD700D31AA6EFC72A719BCB /* Pods-Dopuni Kredit.debug.xcconfig */ = {isa = PBXFileReference; includeInIndex = 1; lastKnownFileType = text.xcconfig; name = "Pods-Dopuni Kredit.debug.xcconfig"; path = "Pods/Target Support Files/Pods-Dopuni Kredit/Pods-Dopuni Kredit.debug.xcconfig"; sourceTree = "<group>"; };
/* End PBXFileReference section */

/* Begin PBXFrameworksBuildPhase section */
		96780CBA1E0DDF7E0076E57F /* Frameworks */ = {
			isa = PBXFrameworksBuildPhase;
			buildActionMask = 2147483647;
			files = (
				FAB19614CC7788FB20FFD032 /* Pods_Dopuni_Kredit.framework in Frameworks */,
				7C1DA181BE7050EE9AC2C130 /* BuddyBuildSDK.framework in Frameworks */,
				1990A7A937AED416723CCB8C /* AssetsLibrary.framework in Frameworks */,
				5F93110AA70822EEE0A4582C /* CoreText.framework in Frameworks */,
				31964E395C4E242C83B42C95 /* CoreTelephony.framework in Frameworks */,
				0A0617FB6E21BFB6331DEE73 /* SystemConfiguration.framework in Frameworks */,
				787E4433BF4250189DA24D0E /* QuartzCore.framework in Frameworks */,
				613D87B03CE8382F3A826DAD /* AVFoundation.framework in Frameworks */,
				BC79DD715F247B57B8FF5DF4 /* CoreMedia.framework in Frameworks */,
				B40A00EB8869044F23CB6CC7 /* CoreVideo.framework in Frameworks */,
			);
			runOnlyForDeploymentPostprocessing = 0;
		};
/* End PBXFrameworksBuildPhase section */

/* Begin PBXGroup section */
		96780CB41E0DDF7E0076E57F = {
			isa = PBXGroup;
			children = (
				96780CBF1E0DDF7E0076E57F /* Dopuni Kredit */,
				96780CD41E0DDF7F0076E57F /* Dopuni KreditTests */,
				96780CDF1E0DDF7F0076E57F /* Dopuni KreditUITests */,
				96780CBE1E0DDF7E0076E57F /* Products */,
				FE58BB759E99C5ECD0322351 /* Pods */,
				A8D3E8923EE7EB517E3C3CF3 /* Frameworks */,
				D666F5496791EBB96ACBAAD5 /* Bridging-Header.h */,
			);
			sourceTree = "<group>";
		};
		96780CBE1E0DDF7E0076E57F /* Products */ = {
			isa = PBXGroup;
			children = (
				96780CBD1E0DDF7E0076E57F /* Dopuni Kredit.app */,
			);
			name = Products;
			sourceTree = "<group>";
		};
		96780CBF1E0DDF7E0076E57F /* Dopuni Kredit */ = {
			isa = PBXGroup;
			children = (
				96780CF21E0ED8F30076E57F /* Dopuni Kredit.entitlements */,
				96780CC01E0DDF7E0076E57F /* AppDelegate.swift */,
				96780CC21E0DDF7E0076E57F /* ViewController.swift */,
				96780CF01E0EBC7C0076E57F /* SettingsTableViewController.swift */,
				96780CEE1E0EBBF80076E57F /* MonthYearPicker.swift */,
				96780CC41E0DDF7E0076E57F /* Main.storyboard */,
				96780CC71E0DDF7E0076E57F /* Assets.xcassets */,
				96780CC91E0DDF7E0076E57F /* LaunchScreen.storyboard */,
				96780CCC1E0DDF7E0076E57F /* Info.plist */,
			);
			path = "Dopuni Kredit";
			sourceTree = "<group>";
		};
		96780CD41E0DDF7F0076E57F /* Dopuni KreditTests */ = {
			isa = PBXGroup;
			children = (
				96780CD51E0DDF7F0076E57F /* Dopuni_KreditTests.swift */,
				96780CD71E0DDF7F0076E57F /* Info.plist */,
			);
			path = "Dopuni KreditTests";
			sourceTree = "<group>";
		};
		96780CDF1E0DDF7F0076E57F /* Dopuni KreditUITests */ = {
			isa = PBXGroup;
			children = (
				96780CE01E0DDF7F0076E57F /* Dopuni_KreditUITests.swift */,
				96780CE21E0DDF7F0076E57F /* Info.plist */,
			);
			path = "Dopuni KreditUITests";
			sourceTree = "<group>";
		};
		A8D3E8923EE7EB517E3C3CF3 /* Frameworks */ = {
			isa = PBXGroup;
			children = (
				F8DECE670855DF6B5DE2C28D /* Pods_Dopuni_Kredit.framework */,
				BC415D1561547B5C37430BCE /* Pods_Dopuni_KreditTests.framework */,
				6687E45628DD05872FFF9F32 /* Pods_Dopuni_KreditUITests.framework */,
				651812606C84EA57F0FB1892 /* BuddyBuildSDK.framework */,
				97CDDE766E239D1DFF03DC9C /* AssetsLibrary.framework */,
				17A18DDCE8B390AD90B93197 /* CoreText.framework */,
				DABEA6658834BC51D52DC9CB /* CoreTelephony.framework */,
				90178EBAAF10C8DA6E98E396 /* SystemConfiguration.framework */,
				7416D61DB18E10DDF5BBC57D /* QuartzCore.framework */,
				C2BBCD3BCA47093620A06141 /* AVFoundation.framework */,
				6CE02F1C85245F704DE0CBC3 /* CoreMedia.framework */,
				59C0404CFDEC43D4A925D46B /* CoreVideo.framework */,
			);
			name = Frameworks;
			sourceTree = "<group>";
		};
		FE58BB759E99C5ECD0322351 /* Pods */ = {
			isa = PBXGroup;
			children = (
				FFD700D31AA6EFC72A719BCB /* Pods-Dopuni Kredit.debug.xcconfig */,
				8B500FA27D8DEF6EC8C9C3BA /* Pods-Dopuni Kredit.release.xcconfig */,
				C5749696EF48B7FAA2E18E10 /* Pods-Dopuni KreditTests.debug.xcconfig */,
				5B9C553CD8042A6E05B2F9E5 /* Pods-Dopuni KreditTests.release.xcconfig */,
				1CD9E3D502E2D4BDB8246A85 /* Pods-Dopuni KreditUITests.debug.xcconfig */,
				7A300B2277048C1F4187D986 /* Pods-Dopuni KreditUITests.release.xcconfig */,
			);
			name = Pods;
			sourceTree = "<group>";
		};
/* End PBXGroup section */

/* Begin PBXNativeTarget section */
		96780CBC1E0DDF7E0076E57F /* Dopuni Kredit */ = {
			isa = PBXNativeTarget;
			buildConfigurationList = 96780CE51E0DDF7F0076E57F /* Build configuration list for PBXNativeTarget "Dopuni Kredit" */;
			buildPhases = (
				4F6B24E81820BB843FD013D0 /* [CP] Check Pods Manifest.lock */,
				96780CB91E0DDF7E0076E57F /* Sources */,
				96780CBA1E0DDF7E0076E57F /* Frameworks */,
				96780CBB1E0DDF7E0076E57F /* Resources */,
				D241E92224FC8B8E3B6F1FA6 /* [CP] Embed Pods Frameworks */,
				BAE49CAB00F326219D1B3E50 /* [CP] Copy Pods Resources */,
			);
			buildRules = (
			);
			dependencies = (
			);
			name = "Dopuni Kredit";
			productName = "Dopuni Kredit";
			productReference = 96780CBD1E0DDF7E0076E57F /* Dopuni Kredit.app */;
			productType = "com.apple.product-type.application";
		};
/* End PBXNativeTarget section */

/* Begin PBXProject section */
		96780CB51E0DDF7E0076E57F /* Project object */ = {
			isa = PBXProject;
			attributes = {
				LastSwiftUpdateCheck = 0810;
				LastUpgradeCheck = 0810;
				ORGANIZATIONNAME = "Vedad Sose";
				TargetAttributes = {
					96780CBC1E0DDF7E0076E57F = {
						CreatedOnToolsVersion = 8.1;
						DevelopmentTeam = FQVLZPDVK9;
						ProvisioningStyle = Automatic;
						SystemCapabilities = {
							com.apple.Keychain = {
								enabled = 1;
							};
						};
					};
				};
			};
			buildConfigurationList = 96780CB81E0DDF7E0076E57F /* Build configuration list for PBXProject "Dopuni Kredit" */;
			compatibilityVersion = "Xcode 3.2";
			developmentRegion = English;
			hasScannedForEncodings = 0;
			knownRegions = (
				en,
				Base,
			);
			mainGroup = 96780CB41E0DDF7E0076E57F;
			productRefGroup = 96780CBE1E0DDF7E0076E57F /* Products */;
			projectDirPath = "";
			projectRoot = "";
			targets = (
				96780CBC1E0DDF7E0076E57F /* Dopuni Kredit */,
			);
		};
/* End PBXProject section */

/* Begin PBXResourcesBuildPhase section */
		96780CBB1E0DDF7E0076E57F /* Resources */ = {
			isa = PBXResourcesBuildPhase;
			buildActionMask = 2147483647;
			files = (
				96780CCB1E0DDF7E0076E57F /* LaunchScreen.storyboard in Resources */,
				96780CC81E0DDF7E0076E57F /* Assets.xcassets in Resources */,
				96780CC61E0DDF7E0076E57F /* Main.storyboard in Resources */,
			);
			runOnlyForDeploymentPostprocessing = 0;
		};
/* End PBXResourcesBuildPhase section */

/* Begin PBXShellScriptBuildPhase section */
		4F6B24E81820BB843FD013D0 /* [CP] Check Pods Manifest.lock */ = {
			isa = PBXShellScriptBuildPhase;
			buildActionMask = 2147483647;
			files = (
			);
			inputPaths = (
			);
			name = "[CP] Check Pods Manifest.lock";
			outputPaths = (
			);
			runOnlyForDeploymentPostprocessing = 0;
			shellPath = /bin/sh;
			shellScript = "diff \"${PODS_ROOT}/../Podfile.lock\" \"${PODS_ROOT}/Manifest.lock\" > /dev/null\nif [ $? != 0 ] ; then\n    # print error to STDERR\n    echo \"error: The sandbox is not in sync with the Podfile.lock. Run 'pod install' or update your CocoaPods installation.\" >&2\n    exit 1\nfi\n";
			showEnvVarsInLog = 0;
		};
		BAE49CAB00F326219D1B3E50 /* [CP] Copy Pods Resources */ = {
			isa = PBXShellScriptBuildPhase;
			buildActionMask = 2147483647;
			files = (
			);
			inputPaths = (
			);
			name = "[CP] Copy Pods Resources";
			outputPaths = (
			);
			runOnlyForDeploymentPostprocessing = 0;
			shellPath = /bin/sh;
			shellScript = "\"${SRCROOT}/Pods/Target Support Files/Pods-Dopuni Kredit/Pods-Dopuni Kredit-resources.sh\"\n";
			showEnvVarsInLog = 0;
		};
		D241E92224FC8B8E3B6F1FA6 /* [CP] Embed Pods Frameworks */ = {
			isa = PBXShellScriptBuildPhase;
			buildActionMask = 2147483647;
			files = (
			);
			inputPaths = (
			);
			name = "[CP] Embed Pods Frameworks";
			outputPaths = (
			);
			runOnlyForDeploymentPostprocessing = 0;
			shellPath = /bin/sh;
			shellScript = "\"${SRCROOT}/Pods/Target Support Files/Pods-Dopuni Kredit/Pods-Dopuni Kredit-frameworks.sh\"\n";
			showEnvVarsInLog = 0;
		};
/* End PBXShellScriptBuildPhase section */

/* Begin PBXSourcesBuildPhase section */
		96780CB91E0DDF7E0076E57F /* Sources */ = {
			isa = PBXSourcesBuildPhase;
			buildActionMask = 2147483647;
			files = (
				96780CF11E0EBC7C0076E57F /* SettingsTableViewController.swift in Sources */,
				96780CEF1E0EBBF80076E57F /* MonthYearPicker.swift in Sources */,
				96780CC31E0DDF7E0076E57F /* ViewController.swift in Sources */,
				96780CC11E0DDF7E0076E57F /* AppDelegate.swift in Sources */,
			);
			runOnlyForDeploymentPostprocessing = 0;
		};
/* End PBXSourcesBuildPhase section */

/* Begin PBXVariantGroup section */
		96780CC41E0DDF7E0076E57F /* Main.storyboard */ = {
			isa = PBXVariantGroup;
			children = (
				96780CC51E0DDF7E0076E57F /* Base */,
			);
			name = Main.storyboard;
			sourceTree = "<group>";
		};
		96780CC91E0DDF7E0076E57F /* LaunchScreen.storyboard */ = {
			isa = PBXVariantGroup;
			children = (
				96780CCA1E0DDF7E0076E57F /* Base */,
			);
			name = LaunchScreen.storyboard;
			sourceTree = "<group>";
		};
/* End PBXVariantGroup section */

/* Begin XCBuildConfiguration section */
		96780CE31E0DDF7F0076E57F /* Debug */ = {
			isa = XCBuildConfiguration;
			buildSettings = {
				ALWAYS_SEARCH_USER_PATHS = NO;
				CLANG_ANALYZER_NONNULL = YES;
				CLANG_CXX_LANGUAGE_STANDARD = "gnu++0x";
				CLANG_CXX_LIBRARY = "libc++";
				CLANG_ENABLE_MODULES = YES;
				CLANG_ENABLE_OBJC_ARC = YES;
				CLANG_WARN_BOOL_CONVERSION = YES;
				CLANG_WARN_CONSTANT_CONVERSION = YES;
				CLANG_WARN_DIRECT_OBJC_ISA_USAGE = YES_ERROR;
				CLANG_WARN_DOCUMENTATION_COMMENTS = YES;
				CLANG_WARN_EMPTY_BODY = YES;
				CLANG_WARN_ENUM_CONVERSION = YES;
				CLANG_WARN_INFINITE_RECURSION = YES;
				CLANG_WARN_INT_CONVERSION = YES;
				CLANG_WARN_OBJC_ROOT_CLASS = YES_ERROR;
				CLANG_WARN_SUSPICIOUS_MOVES = YES;
				CLANG_WARN_UNREACHABLE_CODE = YES;
				CLANG_WARN__DUPLICATE_METHOD_MATCH = YES;
				"CODE_SIGN_IDENTITY[sdk=iphoneos*]" = "iPhone Developer";
				COPY_PHASE_STRIP = NO;
				DEBUG_INFORMATION_FORMAT = dwarf;
				ENABLE_STRICT_OBJC_MSGSEND = YES;
				ENABLE_TESTABILITY = YES;
				GCC_C_LANGUAGE_STANDARD = gnu99;
				GCC_DYNAMIC_NO_PIC = NO;
				GCC_NO_COMMON_BLOCKS = YES;
				GCC_OPTIMIZATION_LEVEL = 0;
				GCC_PREPROCESSOR_DEFINITIONS = (
					"DEBUG=1",
					"$(inherited)",
				);
				GCC_WARN_64_TO_32_BIT_CONVERSION = YES;
				GCC_WARN_ABOUT_RETURN_TYPE = YES_ERROR;
				GCC_WARN_UNDECLARED_SELECTOR = YES;
				GCC_WARN_UNINITIALIZED_AUTOS = YES_AGGRESSIVE;
				GCC_WARN_UNUSED_FUNCTION = YES;
				GCC_WARN_UNUSED_VARIABLE = YES;
				IPHONEOS_DEPLOYMENT_TARGET = 10.1;
				MTL_ENABLE_DEBUG_INFO = YES;
				ONLY_ACTIVE_ARCH = YES;
				SDKROOT = iphoneos;
				SWIFT_ACTIVE_COMPILATION_CONDITIONS = DEBUG;
				SWIFT_OPTIMIZATION_LEVEL = "-Onone";
				TARGETED_DEVICE_FAMILY = "1,2";
			};
			name = Debug;
		};
		96780CE41E0DDF7F0076E57F /* Release */ = {
			isa = XCBuildConfiguration;
			buildSettings = {
				ALWAYS_SEARCH_USER_PATHS = NO;
				CLANG_ANALYZER_NONNULL = YES;
				CLANG_CXX_LANGUAGE_STANDARD = "gnu++0x";
				CLANG_CXX_LIBRARY = "libc++";
				CLANG_ENABLE_MODULES = YES;
				CLANG_ENABLE_OBJC_ARC = YES;
				CLANG_WARN_BOOL_CONVERSION = YES;
				CLANG_WARN_CONSTANT_CONVERSION = YES;
				CLANG_WARN_DIRECT_OBJC_ISA_USAGE = YES_ERROR;
				CLANG_WARN_DOCUMENTATION_COMMENTS = YES;
				CLANG_WARN_EMPTY_BODY = YES;
				CLANG_WARN_ENUM_CONVERSION = YES;
				CLANG_WARN_INFINITE_RECURSION = YES;
				CLANG_WARN_INT_CONVERSION = YES;
				CLANG_WARN_OBJC_ROOT_CLASS = YES_ERROR;
				CLANG_WARN_SUSPICIOUS_MOVES = YES;
				CLANG_WARN_UNREACHABLE_CODE = YES;
				CLANG_WARN__DUPLICATE_METHOD_MATCH = YES;
				"CODE_SIGN_IDENTITY[sdk=iphoneos*]" = "iPhone Developer";
				COPY_PHASE_STRIP = NO;
				DEBUG_INFORMATION_FORMAT = "dwarf-with-dsym";
				ENABLE_NS_ASSERTIONS = NO;
				ENABLE_STRICT_OBJC_MSGSEND = YES;
				GCC_C_LANGUAGE_STANDARD = gnu99;
				GCC_NO_COMMON_BLOCKS = YES;
				GCC_WARN_64_TO_32_BIT_CONVERSION = YES;
				GCC_WARN_ABOUT_RETURN_TYPE = YES_ERROR;
				GCC_WARN_UNDECLARED_SELECTOR = YES;
				GCC_WARN_UNINITIALIZED_AUTOS = YES_AGGRESSIVE;
				GCC_WARN_UNUSED_FUNCTION = YES;
				GCC_WARN_UNUSED_VARIABLE = YES;
				IPHONEOS_DEPLOYMENT_TARGET = 10.1;
				MTL_ENABLE_DEBUG_INFO = NO;
				SDKROOT = iphoneos;
				SWIFT_OPTIMIZATION_LEVEL = "-Owholemodule";
				TARGETED_DEVICE_FAMILY = "1,2";
				VALIDATE_PRODUCT = YES;
			};
			name = Release;
		};
		96780CE61E0DDF7F0076E57F /* Debug */ = {
			isa = XCBuildConfiguration;
			baseConfigurationReference = FFD700D31AA6EFC72A719BCB /* Pods-Dopuni Kredit.debug.xcconfig */;
			buildSettings = {
				ASSETCATALOG_COMPILER_APPICON_NAME = AppIcon;
				CODE_SIGN_ENTITLEMENTS = "Dopuni Kredit/Dopuni Kredit.entitlements";
				"CODE_SIGN_IDENTITY[sdk=iphoneos*]" = "iPhone Developer";
				DEVELOPMENT_TEAM = FQVLZPDVK9;
				FRAMEWORK_SEARCH_PATHS = (
					"$(inherited)",
					"$(PROJECT_DIR)",
				);
				INFOPLIST_FILE = "Dopuni Kredit/Info.plist";
				IPHONEOS_DEPLOYMENT_TARGET = 10.0;
				LD_RUNPATH_SEARCH_PATHS = "$(inherited) @executable_path/Frameworks";
				PRODUCT_BUNDLE_IDENTIFIER = com.vedadsose.dopuni;
				PRODUCT_NAME = "$(TARGET_NAME)";
				PROVISIONING_PROFILE = "";
				PROVISIONING_PROFILE_SPECIFIER = "";
				SWIFT_OBJC_BRIDGING_HEADER = "Bridging-Header.h";
				SWIFT_VERSION = 3.0;
			};
			name = Debug;
		};
		96780CE71E0DDF7F0076E57F /* Release */ = {
			isa = XCBuildConfiguration;
			baseConfigurationReference = 8B500FA27D8DEF6EC8C9C3BA /* Pods-Dopuni Kredit.release.xcconfig */;
			buildSettings = {
				ASSETCATALOG_COMPILER_APPICON_NAME = AppIcon;
				CODE_SIGN_ENTITLEMENTS = "Dopuni Kredit/Dopuni Kredit.entitlements";
				"CODE_SIGN_IDENTITY[sdk=iphoneos*]" = "iPhone Developer";
				DEVELOPMENT_TEAM = FQVLZPDVK9;
				FRAMEWORK_SEARCH_PATHS = (
					"$(inherited)",
					"$(PROJECT_DIR)",
				);
				INFOPLIST_FILE = "Dopuni Kredit/Info.plist";
				IPHONEOS_DEPLOYMENT_TARGET = 10.0;
				LD_RUNPATH_SEARCH_PATHS = "$(inherited) @executable_path/Frameworks";
				PRODUCT_BUNDLE_IDENTIFIER = com.vedadsose.dopuni;
				PRODUCT_NAME = "$(TARGET_NAME)";
				PROVISIONING_PROFILE = "";
				PROVISIONING_PROFILE_SPECIFIER = "";
				SWIFT_OBJC_BRIDGING_HEADER = "Bridging-Header.h";
				SWIFT_VERSION = 3.0;
			};
			name = Release;
		};
/* End XCBuildConfiguration section */

/* Begin XCConfigurationList section */
		96780CB81E0DDF7E0076E57F /* Build configuration list for PBXProject "Dopuni Kredit" */ = {
			isa = XCConfigurationList;
			buildConfigurations = (
				96780CE31E0DDF7F0076E57F /* Debug */,
				96780CE41E0DDF7F0076E57F /* Release */,
			);
			defaultConfigurationIsVisible = 0;
			defaultConfigurationName = Release;
		};
		96780CE51E0DDF7F0076E57F /* Build configuration list for PBXNativeTarget "Dopuni Kredit" */ = {
			isa = XCConfigurationList;
			buildConfigurations = (
				96780CE61E0DDF7F0076E57F /* Debug */,
				96780CE71E0DDF7F0076E57F /* Release */,
			);
			defaultConfigurationIsVisible = 0;
			defaultConfigurationName = Release;
		};
/* End XCConfigurationList section */
	};
	rootObject = 96780CB51E0DDF7E0076E57F /* Project object */;
}
